
Microsoft Visual Studio Solution File, Format Version 12.00
# Visual Studio 15
VisualStudioVersion = 15.0.27130.2036
MinimumVisualStudioVersion = 10.0.40219.1
Project("{FAE04EC0-301F-11D3-BF4B-00C04F79EFBC}") = "aspnetcore2", "aspnetcore2\aspnetcore2.csproj", "{5C26818B-D044-4BB9-A1EB-7F83816EAAF4}"
EndProject
Global
	GlobalSection(SolutionConfigurationPlatforms) = preSolution
		Debug|Any CPU = Debug|Any CPU
		Release|Any CPU = Release|Any CPU
	EndGlobalSection
	GlobalSection(ProjectConfigurationPlatforms) = postSolution
		{5C26818B-D044-4BB9-A1EB-7F83816EAAF4}.Debug|Any CPU.ActiveCfg = Debug|Any CPU
		{5C26818B-D044-4BB9-A1EB-7F83816EAAF4}.Debug|Any CPU.Build.0 = Debug|Any CPU
		{5C26818B-D044-4BB9-A1EB-7F83816EAAF4}.Release|Any CPU.ActiveCfg = Release|Any CPU
		{5C26818B-D044-4BB9-A1EB-7F83816EAAF4}.Release|Any CPU.Build.0 = Release|Any CPU
	EndGlobalSection
	GlobalSection(SolutionProperties) = preSolution
		HideSolutionNode = FALSE
	EndGlobalSection
	GlobalSection(ExtensibilityGlobals) = postSolution
		SolutionGuid = {4CDAD436-7F92-49F5-949E-FA3927D24C6B}
	EndGlobalSection
EndGlobal
